// !$*UTF8*$!
{
	archiveVersion = 1;
	classes = {
	};
	objectVersion = 46;
	objects = {

/* Begin PBXBuildFile section */
		8038AF6F1AEBC3BD00389913 /* AppDelegate.swift in Sources */ = {isa = PBXBuildFile; fileRef = 8038AF6E1AEBC3BD00389913 /* AppDelegate.swift */; };
		8038AF711AEBC3BD00389913 /* MainViewController.swift in Sources */ = {isa = PBXBuildFile; fileRef = 8038AF701AEBC3BD00389913 /* MainViewController.swift */; };
		8038AF761AEBC3BD00389913 /* Images.xcassets in Resources */ = {isa = PBXBuildFile; fileRef = 8038AF751AEBC3BD00389913 /* Images.xcassets */; };
		8038AF791AEBC3BD00389913 /* LaunchScreen.xib in Resources */ = {isa = PBXBuildFile; fileRef = 8038AF771AEBC3BD00389913 /* LaunchScreen.xib */; };
		8038AF851AEBC3BD00389913 /* ASButtonsTests.swift in Sources */ = {isa = PBXBuildFile; fileRef = 8038AF841AEBC3BD00389913 /* ASButtonsTests.swift */; };
		8038AF8F1AEBD56800389913 /* EditViewController.swift in Sources */ = {isa = PBXBuildFile; fileRef = 8038AF8E1AEBD56800389913 /* EditViewController.swift */; };
		8038AF911AEBEA9F00389913 /* EditViewModel.swift in Sources */ = {isa = PBXBuildFile; fileRef = 8038AF901AEBEA9F00389913 /* EditViewModel.swift */; };
		8038AF981AEBEBC300389913 /* Models.xcdatamodeld in Sources */ = {isa = PBXBuildFile; fileRef = 8038AF961AEBEBC300389913 /* Models.xcdatamodeld */; };
		8038AF9A1AEBEC3200389913 /* Button.swift in Sources */ = {isa = PBXBuildFile; fileRef = 8038AF991AEBEC3200389913 /* Button.swift */; };
		8038AF9F1AEBF06200389913 /* ButtonsViewModel.swift in Sources */ = {isa = PBXBuildFile; fileRef = 8038AF9E1AEBF06200389913 /* ButtonsViewModel.swift */; };
		8069C63E1AF4A31800AFA41E /* UserDefaults.swift in Sources */ = {isa = PBXBuildFile; fileRef = 8069C63D1AF4A31800AFA41E /* UserDefaults.swift */; };
		8069C6401AF4A5D500AFA41E /* preference.plist in Resources */ = {isa = PBXBuildFile; fileRef = 8069C63F1AF4A5D500AFA41E /* preference.plist */; };
		8069C6421AF4A67000AFA41E /* AsakusaSatellite.swift in Sources */ = {isa = PBXBuildFile; fileRef = 8069C6411AF4A67000AFA41E /* AsakusaSatellite.swift */; };
		8076C2B81AF5F5830059712F /* ColorTheme.swift in Sources */ = {isa = PBXBuildFile; fileRef = 8076C2B71AF5F5830059712F /* ColorTheme.swift */; };
		D79460770B965F1688855061 /* Pods.framework in Frameworks */ = {isa = PBXBuildFile; fileRef = 4ADFE3833D1968332C7D115F /* Pods.framework */; settings = {ATTRIBUTES = (Weak, ); }; };
/* End PBXBuildFile section */

/* Begin PBXContainerItemProxy section */
		8038AF7F1AEBC3BD00389913 /* PBXContainerItemProxy */ = {
			isa = PBXContainerItemProxy;
			containerPortal = 8038AF611AEBC3BD00389913 /* Project object */;
			proxyType = 1;
			remoteGlobalIDString = 8038AF681AEBC3BD00389913;
			remoteInfo = ASButtons;
		};
/* End PBXContainerItemProxy section */

/* Begin PBXFileReference section */
		47E5AEE04862AE44A61EA25A /* Pods.release.xcconfig */ = {isa = PBXFileReference; includeInIndex = 1; lastKnownFileType = text.xcconfig; name = Pods.release.xcconfig; path = "Pods/Target Support Files/Pods/Pods.release.xcconfig"; sourceTree = "<group>"; };
		480FF5E76B0CF32792668BF7 /* Pods.debug.xcconfig */ = {isa = PBXFileReference; includeInIndex = 1; lastKnownFileType = text.xcconfig; name = Pods.debug.xcconfig; path = "Pods/Target Support Files/Pods/Pods.debug.xcconfig"; sourceTree = "<group>"; };
		4ADFE3833D1968332C7D115F /* Pods.framework */ = {isa = PBXFileReference; explicitFileType = wrapper.framework; includeInIndex = 0; path = Pods.framework; sourceTree = BUILT_PRODUCTS_DIR; };
		8038AF691AEBC3BD00389913 /* ASButtons.app */ = {isa = PBXFileReference; explicitFileType = wrapper.application; includeInIndex = 0; path = ASButtons.app; sourceTree = BUILT_PRODUCTS_DIR; };
		8038AF6D1AEBC3BD00389913 /* Info.plist */ = {isa = PBXFileReference; lastKnownFileType = text.plist.xml; path = Info.plist; sourceTree = "<group>"; };
		8038AF6E1AEBC3BD00389913 /* AppDelegate.swift */ = {isa = PBXFileReference; lastKnownFileType = sourcecode.swift; path = AppDelegate.swift; sourceTree = "<group>"; };
		8038AF701AEBC3BD00389913 /* MainViewController.swift */ = {isa = PBXFileReference; lastKnownFileType = sourcecode.swift; path = MainViewController.swift; sourceTree = "<group>"; };
		8038AF751AEBC3BD00389913 /* Images.xcassets */ = {isa = PBXFileReference; lastKnownFileType = folder.assetcatalog; path = Images.xcassets; sourceTree = "<group>"; };
		8038AF781AEBC3BD00389913 /* Base */ = {isa = PBXFileReference; lastKnownFileType = file.xib; name = Base; path = Base.lproj/LaunchScreen.xib; sourceTree = "<group>"; };
		8038AF7E1AEBC3BD00389913 /* ASButtonsTests.xctest */ = {isa = PBXFileReference; explicitFileType = wrapper.cfbundle; includeInIndex = 0; path = ASButtonsTests.xctest; sourceTree = BUILT_PRODUCTS_DIR; };
		8038AF831AEBC3BD00389913 /* Info.plist */ = {isa = PBXFileReference; lastKnownFileType = text.plist.xml; path = Info.plist; sourceTree = "<group>"; };
		8038AF841AEBC3BD00389913 /* ASButtonsTests.swift */ = {isa = PBXFileReference; lastKnownFileType = sourcecode.swift; path = ASButtonsTests.swift; sourceTree = "<group>"; };
		8038AF8E1AEBD56800389913 /* EditViewController.swift */ = {isa = PBXFileReference; fileEncoding = 4; lastKnownFileType = sourcecode.swift; path = EditViewController.swift; sourceTree = "<group>"; };
		8038AF901AEBEA9F00389913 /* EditViewModel.swift */ = {isa = PBXFileReference; fileEncoding = 4; lastKnownFileType = sourcecode.swift; path = EditViewModel.swift; sourceTree = "<group>"; };
		8038AF971AEBEBC300389913 /* Models.xcdatamodel */ = {isa = PBXFileReference; lastKnownFileType = wrapper.xcdatamodel; path = Models.xcdatamodel; sourceTree = "<group>"; };
		8038AF991AEBEC3200389913 /* Button.swift */ = {isa = PBXFileReference; fileEncoding = 4; lastKnownFileType = sourcecode.swift; name = Button.swift; path = Models/Button.swift; sourceTree = "<group>"; };
		8038AF9E1AEBF06200389913 /* ButtonsViewModel.swift */ = {isa = PBXFileReference; fileEncoding = 4; lastKnownFileType = sourcecode.swift; path = ButtonsViewModel.swift; sourceTree = "<group>"; };
		8069C63D1AF4A31800AFA41E /* UserDefaults.swift */ = {isa = PBXFileReference; fileEncoding = 4; lastKnownFileType = sourcecode.swift; path = UserDefaults.swift; sourceTree = "<group>"; };
		8069C63F1AF4A5D500AFA41E /* preference.plist */ = {isa = PBXFileReference; fileEncoding = 4; lastKnownFileType = text.plist.xml; path = preference.plist; sourceTree = "<group>"; };
		8069C6411AF4A67000AFA41E /* AsakusaSatellite.swift */ = {isa = PBXFileReference; fileEncoding = 4; lastKnownFileType = sourcecode.swift; path = AsakusaSatellite.swift; sourceTree = "<group>"; };
		8076C2B71AF5F5830059712F /* ColorTheme.swift */ = {isa = PBXFileReference; fileEncoding = 4; lastKnownFileType = sourcecode.swift; path = ColorTheme.swift; sourceTree = "<group>"; };
/* End PBXFileReference section */

/* Begin PBXFrameworksBuildPhase section */
		8038AF661AEBC3BD00389913 /* Frameworks */ = {
			isa = PBXFrameworksBuildPhase;
			buildActionMask = 2147483647;
			files = (
				D79460770B965F1688855061 /* Pods.framework in Frameworks */,
			);
			runOnlyForDeploymentPostprocessing = 0;
		};
		8038AF7B1AEBC3BD00389913 /* Frameworks */ = {
			isa = PBXFrameworksBuildPhase;
			buildActionMask = 2147483647;
			files = (
			);
			runOnlyForDeploymentPostprocessing = 0;
		};
/* End PBXFrameworksBuildPhase section */

/* Begin PBXGroup section */
		8038AF601AEBC3BD00389913 = {
			isa = PBXGroup;
			children = (
				8038AF6B1AEBC3BD00389913 /* ASButtons */,
				8038AF811AEBC3BD00389913 /* ASButtonsTests */,
				8038AF6A1AEBC3BD00389913 /* Products */,
				D238042B8B8A0716178F6B45 /* Pods */,
				92CF8977C8C1ECE447A8CF42 /* Frameworks */,
			);
			sourceTree = "<group>";
		};
		8038AF6A1AEBC3BD00389913 /* Products */ = {
			isa = PBXGroup;
			children = (
				8038AF691AEBC3BD00389913 /* ASButtons.app */,
				8038AF7E1AEBC3BD00389913 /* ASButtonsTests.xctest */,
			);
			name = Products;
			sourceTree = "<group>";
		};
		8038AF6B1AEBC3BD00389913 /* ASButtons */ = {
			isa = PBXGroup;
			children = (
				8038AF921AEBEB3700389913 /* Models */,
				8038AF6E1AEBC3BD00389913 /* AppDelegate.swift */,
				8038AF701AEBC3BD00389913 /* MainViewController.swift */,
				8038AF9E1AEBF06200389913 /* ButtonsViewModel.swift */,
				8038AF8E1AEBD56800389913 /* EditViewController.swift */,
				8038AF901AEBEA9F00389913 /* EditViewModel.swift */,
				8038AF751AEBC3BD00389913 /* Images.xcassets */,
				8038AF771AEBC3BD00389913 /* LaunchScreen.xib */,
				8038AF6C1AEBC3BD00389913 /* Supporting Files */,
				8069C63D1AF4A31800AFA41E /* UserDefaults.swift */,
				8069C63F1AF4A5D500AFA41E /* preference.plist */,
				8069C6411AF4A67000AFA41E /* AsakusaSatellite.swift */,
				8076C2B71AF5F5830059712F /* ColorTheme.swift */,
			);
			path = ASButtons;
			sourceTree = "<group>";
		};
		8038AF6C1AEBC3BD00389913 /* Supporting Files */ = {
			isa = PBXGroup;
			children = (
				8038AF6D1AEBC3BD00389913 /* Info.plist */,
			);
			name = "Supporting Files";
			sourceTree = "<group>";
		};
		8038AF811AEBC3BD00389913 /* ASButtonsTests */ = {
			isa = PBXGroup;
			children = (
				8038AF841AEBC3BD00389913 /* ASButtonsTests.swift */,
				8038AF821AEBC3BD00389913 /* Supporting Files */,
			);
			path = ASButtonsTests;
			sourceTree = "<group>";
		};
		8038AF821AEBC3BD00389913 /* Supporting Files */ = {
			isa = PBXGroup;
			children = (
				8038AF831AEBC3BD00389913 /* Info.plist */,
			);
			name = "Supporting Files";
			sourceTree = "<group>";
		};
		8038AF921AEBEB3700389913 /* Models */ = {
			isa = PBXGroup;
			children = (
				8038AF961AEBEBC300389913 /* Models.xcdatamodeld */,
				8038AF991AEBEC3200389913 /* Button.swift */,
			);
			name = Models;
			sourceTree = "<group>";
		};
		92CF8977C8C1ECE447A8CF42 /* Frameworks */ = {
			isa = PBXGroup;
			children = (
				4ADFE3833D1968332C7D115F /* Pods.framework */,
			);
			name = Frameworks;
			sourceTree = "<group>";
		};
		D238042B8B8A0716178F6B45 /* Pods */ = {
			isa = PBXGroup;
			children = (
				480FF5E76B0CF32792668BF7 /* Pods.debug.xcconfig */,
				47E5AEE04862AE44A61EA25A /* Pods.release.xcconfig */,
			);
			name = Pods;
			sourceTree = "<group>";
		};
/* End PBXGroup section */

/* Begin PBXNativeTarget section */
		8038AF681AEBC3BD00389913 /* ASButtons */ = {
			isa = PBXNativeTarget;
			buildConfigurationList = 8038AF881AEBC3BD00389913 /* Build configuration list for PBXNativeTarget "ASButtons" */;
			buildPhases = (
				F6F52D004541E1F306D2F5A5 /* Check Pods Manifest.lock */,
				8038AF651AEBC3BD00389913 /* Sources */,
				8038AF661AEBC3BD00389913 /* Frameworks */,
				8038AF671AEBC3BD00389913 /* Resources */,
				3B54454B0B0647852F8A693A /* Copy Pods Resources */,
				40AB2B0EC300DA3BD0DD55FC /* Embed Pods Frameworks */,
			);
			buildRules = (
			);
			dependencies = (
			);
			name = ASButtons;
			productName = ASButtons;
			productReference = 8038AF691AEBC3BD00389913 /* ASButtons.app */;
			productType = "com.apple.product-type.application";
		};
		8038AF7D1AEBC3BD00389913 /* ASButtonsTests */ = {
			isa = PBXNativeTarget;
			buildConfigurationList = 8038AF8B1AEBC3BD00389913 /* Build configuration list for PBXNativeTarget "ASButtonsTests" */;
			buildPhases = (
				8038AF7A1AEBC3BD00389913 /* Sources */,
				8038AF7B1AEBC3BD00389913 /* Frameworks */,
				8038AF7C1AEBC3BD00389913 /* Resources */,
			);
			buildRules = (
			);
			dependencies = (
				8038AF801AEBC3BD00389913 /* PBXTargetDependency */,
			);
			name = ASButtonsTests;
			productName = ASButtonsTests;
			productReference = 8038AF7E1AEBC3BD00389913 /* ASButtonsTests.xctest */;
			productType = "com.apple.product-type.bundle.unit-test";
		};
/* End PBXNativeTarget section */

/* Begin PBXProject section */
		8038AF611AEBC3BD00389913 /* Project object */ = {
			isa = PBXProject;
			attributes = {
				LastUpgradeCheck = 0630;
				ORGANIZATIONNAME = codefirst.org;
				TargetAttributes = {
					8038AF681AEBC3BD00389913 = {
						CreatedOnToolsVersion = 6.3.1;
					};
					8038AF7D1AEBC3BD00389913 = {
						CreatedOnToolsVersion = 6.3.1;
						TestTargetID = 8038AF681AEBC3BD00389913;
					};
				};
			};
			buildConfigurationList = 8038AF641AEBC3BD00389913 /* Build configuration list for PBXProject "ASButtons" */;
			compatibilityVersion = "Xcode 3.2";
			developmentRegion = English;
			hasScannedForEncodings = 0;
			knownRegions = (
				en,
				Base,
			);
			mainGroup = 8038AF601AEBC3BD00389913;
			productRefGroup = 8038AF6A1AEBC3BD00389913 /* Products */;
			projectDirPath = "";
			projectRoot = "";
			targets = (
				8038AF681AEBC3BD00389913 /* ASButtons */,
				8038AF7D1AEBC3BD00389913 /* ASButtonsTests */,
			);
		};
/* End PBXProject section */

/* Begin PBXResourcesBuildPhase section */
		8038AF671AEBC3BD00389913 /* Resources */ = {
			isa = PBXResourcesBuildPhase;
			buildActionMask = 2147483647;
			files = (
				8038AF791AEBC3BD00389913 /* LaunchScreen.xib in Resources */,
				8069C6401AF4A5D500AFA41E /* preference.plist in Resources */,
				8038AF761AEBC3BD00389913 /* Images.xcassets in Resources */,
			);
			runOnlyForDeploymentPostprocessing = 0;
		};
		8038AF7C1AEBC3BD00389913 /* Resources */ = {
			isa = PBXResourcesBuildPhase;
			buildActionMask = 2147483647;
			files = (
			);
			runOnlyForDeploymentPostprocessing = 0;
		};
/* End PBXResourcesBuildPhase section */

/* Begin PBXShellScriptBuildPhase section */
		3B54454B0B0647852F8A693A /* Copy Pods Resources */ = {
			isa = PBXShellScriptBuildPhase;
			buildActionMask = 2147483647;
			files = (
			);
			inputPaths = (
			);
			name = "Copy Pods Resources";
			outputPaths = (
			);
			runOnlyForDeploymentPostprocessing = 0;
			shellPath = /bin/sh;
			shellScript = "\"${SRCROOT}/Pods/Target Support Files/Pods/Pods-resources.sh\"\n";
			showEnvVarsInLog = 0;
		};
		40AB2B0EC300DA3BD0DD55FC /* Embed Pods Frameworks */ = {
			isa = PBXShellScriptBuildPhase;
			buildActionMask = 2147483647;
			files = (
			);
			inputPaths = (
			);
			name = "Embed Pods Frameworks";
			outputPaths = (
			);
			runOnlyForDeploymentPostprocessing = 0;
			shellPath = /bin/sh;
			shellScript = "\"${SRCROOT}/Pods/Target Support Files/Pods/Pods-frameworks.sh\"\n";
			showEnvVarsInLog = 0;
		};
		F6F52D004541E1F306D2F5A5 /* Check Pods Manifest.lock */ = {
			isa = PBXShellScriptBuildPhase;
			buildActionMask = 2147483647;
			files = (
			);
			inputPaths = (
			);
			name = "Check Pods Manifest.lock";
			outputPaths = (
			);
			runOnlyForDeploymentPostprocessing = 0;
			shellPath = /bin/sh;
			shellScript = "diff \"${PODS_ROOT}/../Podfile.lock\" \"${PODS_ROOT}/Manifest.lock\" > /dev/null\nif [[ $? != 0 ]] ; then\n    cat << EOM\nerror: The sandbox is not in sync with the Podfile.lock. Run 'pod install' or update your CocoaPods installation.\nEOM\n    exit 1\nfi\n";
			showEnvVarsInLog = 0;
		};
/* End PBXShellScriptBuildPhase section */

/* Begin PBXSourcesBuildPhase section */
		8038AF651AEBC3BD00389913 /* Sources */ = {
			isa = PBXSourcesBuildPhase;
			buildActionMask = 2147483647;
			files = (
				8038AF911AEBEA9F00389913 /* EditViewModel.swift in Sources */,
				8076C2B81AF5F5830059712F /* ColorTheme.swift in Sources */,
				8038AF9A1AEBEC3200389913 /* Button.swift in Sources */,
				8038AF9F1AEBF06200389913 /* ButtonsViewModel.swift in Sources */,
				8038AF711AEBC3BD00389913 /* MainViewController.swift in Sources */,
				8069C63E1AF4A31800AFA41E /* UserDefaults.swift in Sources */,
				8038AF6F1AEBC3BD00389913 /* AppDelegate.swift in Sources */,
				8038AF981AEBEBC300389913 /* Models.xcdatamodeld in Sources */,
				8069C6421AF4A67000AFA41E /* AsakusaSatellite.swift in Sources */,
				8038AF8F1AEBD56800389913 /* EditViewController.swift in Sources */,
			);
			runOnlyForDeploymentPostprocessing = 0;
		};
		8038AF7A1AEBC3BD00389913 /* Sources */ = {
			isa = PBXSourcesBuildPhase;
			buildActionMask = 2147483647;
			files = (
				8038AF851AEBC3BD00389913 /* ASButtonsTests.swift in Sources */,
			);
			runOnlyForDeploymentPostprocessing = 0;
		};
/* End PBXSourcesBuildPhase section */

/* Begin PBXTargetDependency section */
		8038AF801AEBC3BD00389913 /* PBXTargetDependency */ = {
			isa = PBXTargetDependency;
			target = 8038AF681AEBC3BD00389913 /* ASButtons */;
			targetProxy = 8038AF7F1AEBC3BD00389913 /* PBXContainerItemProxy */;
		};
/* End PBXTargetDependency section */

/* Begin PBXVariantGroup section */
		8038AF771AEBC3BD00389913 /* LaunchScreen.xib */ = {
			isa = PBXVariantGroup;
			children = (
				8038AF781AEBC3BD00389913 /* Base */,
			);
			name = LaunchScreen.xib;
			sourceTree = "<group>";
		};
/* End PBXVariantGroup section */

/* Begin XCBuildConfiguration section */
		8038AF861AEBC3BD00389913 /* Debug */ = {
			isa = XCBuildConfiguration;
			buildSettings = {
				ALWAYS_SEARCH_USER_PATHS = NO;
				CLANG_CXX_LANGUAGE_STANDARD = "gnu++0x";
				CLANG_CXX_LIBRARY = "libc++";
				CLANG_ENABLE_MODULES = YES;
				CLANG_ENABLE_OBJC_ARC = YES;
				CLANG_WARN_BOOL_CONVERSION = YES;
				CLANG_WARN_CONSTANT_CONVERSION = YES;
				CLANG_WARN_DIRECT_OBJC_ISA_USAGE = YES_ERROR;
				CLANG_WARN_EMPTY_BODY = YES;
				CLANG_WARN_ENUM_CONVERSION = YES;
				CLANG_WARN_INT_CONVERSION = YES;
				CLANG_WARN_OBJC_ROOT_CLASS = YES_ERROR;
				CLANG_WARN_UNREACHABLE_CODE = YES;
				CLANG_WARN__DUPLICATE_METHOD_MATCH = YES;
				"CODE_SIGN_IDENTITY[sdk=iphoneos*]" = "iPhone Developer";
				COPY_PHASE_STRIP = NO;
				DEBUG_INFORMATION_FORMAT = "dwarf-with-dsym";
				ENABLE_STRICT_OBJC_MSGSEND = YES;
				GCC_C_LANGUAGE_STANDARD = gnu99;
				GCC_DYNAMIC_NO_PIC = NO;
				GCC_NO_COMMON_BLOCKS = YES;
				GCC_OPTIMIZATION_LEVEL = 0;
				GCC_PREPROCESSOR_DEFINITIONS = (
					"DEBUG=1",
					"$(inherited)",
				);
				GCC_SYMBOLS_PRIVATE_EXTERN = NO;
				GCC_WARN_64_TO_32_BIT_CONVERSION = YES;
				GCC_WARN_ABOUT_RETURN_TYPE = YES_ERROR;
				GCC_WARN_UNDECLARED_SELECTOR = YES;
				GCC_WARN_UNINITIALIZED_AUTOS = YES_AGGRESSIVE;
				GCC_WARN_UNUSED_FUNCTION = YES;
				GCC_WARN_UNUSED_VARIABLE = YES;
				IPHONEOS_DEPLOYMENT_TARGET = 8.3;
				MTL_ENABLE_DEBUG_INFO = YES;
				ONLY_ACTIVE_ARCH = YES;
				SDKROOT = iphoneos;
				SWIFT_OPTIMIZATION_LEVEL = "-Onone";
			};
			name = Debug;
		};
		8038AF871AEBC3BD00389913 /* Release */ = {
			isa = XCBuildConfiguration;
			buildSettings = {
				ALWAYS_SEARCH_USER_PATHS = NO;
				CLANG_CXX_LANGUAGE_STANDARD = "gnu++0x";
				CLANG_CXX_LIBRARY = "libc++";
				CLANG_ENABLE_MODULES = YES;
				CLANG_ENABLE_OBJC_ARC = YES;
				CLANG_WARN_BOOL_CONVERSION = YES;
				CLANG_WARN_CONSTANT_CONVERSION = YES;
				CLANG_WARN_DIRECT_OBJC_ISA_USAGE = YES_ERROR;
				CLANG_WARN_EMPTY_BODY = YES;
				CLANG_WARN_ENUM_CONVERSION = YES;
				CLANG_WARN_INT_CONVERSION = YES;
				CLANG_WARN_OBJC_ROOT_CLASS = YES_ERROR;
				CLANG_WARN_UNREACHABLE_CODE = YES;
				CLANG_WARN__DUPLICATE_METHOD_MATCH = YES;
				"CODE_SIGN_IDENTITY[sdk=iphoneos*]" = "iPhone Developer";
				COPY_PHASE_STRIP = NO;
				DEBUG_INFORMATION_FORMAT = "dwarf-with-dsym";
				ENABLE_NS_ASSERTIONS = NO;
				ENABLE_STRICT_OBJC_MSGSEND = YES;
				GCC_C_LANGUAGE_STANDARD = gnu99;
				GCC_NO_COMMON_BLOCKS = YES;
				GCC_WARN_64_TO_32_BIT_CONVERSION = YES;
				GCC_WARN_ABOUT_RETURN_TYPE = YES_ERROR;
				GCC_WARN_UNDECLARED_SELECTOR = YES;
				GCC_WARN_UNINITIALIZED_AUTOS = YES_AGGRESSIVE;
				GCC_WARN_UNUSED_FUNCTION = YES;
				GCC_WARN_UNUSED_VARIABLE = YES;
				IPHONEOS_DEPLOYMENT_TARGET = 8.3;
				MTL_ENABLE_DEBUG_INFO = NO;
				SDKROOT = iphoneos;
				VALIDATE_PRODUCT = YES;
			};
			name = Release;
		};
		8038AF891AEBC3BD00389913 /* Debug */ = {
			isa = XCBuildConfiguration;
			baseConfigurationReference = 480FF5E76B0CF32792668BF7 /* Pods.debug.xcconfig */;
			buildSettings = {
				ASSETCATALOG_COMPILER_APPICON_NAME = AppIcon;
				CLANG_ENABLE_MODULES = YES;
				INFOPLIST_FILE = ASButtons/Info.plist;
				LD_RUNPATH_SEARCH_PATHS = "$(inherited) @executable_path/Frameworks";
				PRODUCT_NAME = "$(TARGET_NAME)";
				SWIFT_OBJC_BRIDGING_HEADER = "";
				SWIFT_OPTIMIZATION_LEVEL = "-Onone";
			};
			name = Debug;
		};
		8038AF8A1AEBC3BD00389913 /* Release */ = {
			isa = XCBuildConfiguration;
			baseConfigurationReference = 47E5AEE04862AE44A61EA25A /* Pods.release.xcconfig */;
			buildSettings = {
				ASSETCATALOG_COMPILER_APPICON_NAME = AppIcon;
				CLANG_ENABLE_MODULES = YES;
				INFOPLIST_FILE = ASButtons/Info.plist;
				LD_RUNPATH_SEARCH_PATHS = "$(inherited) @executable_path/Frameworks";
				PRODUCT_NAME = "$(TARGET_NAME)";
				SWIFT_OBJC_BRIDGING_HEADER = "";
			};
			name = Release;
		};
		8038AF8C1AEBC3BD00389913 /* Debug */ = {
			isa = XCBuildConfiguration;
			buildSettings = {
				BUNDLE_LOADER = "$(TEST_HOST)";
				FRAMEWORK_SEARCH_PATHS = (
					"$(SDKROOT)/Developer/Library/Frameworks",
					"$(inherited)",
				);
				GCC_PREPROCESSOR_DEFINITIONS = (
					"DEBUG=1",
					"$(inherited)",
				);
				INFOPLIST_FILE = ASButtonsTests/Info.plist;
				LD_RUNPATH_SEARCH_PATHS = "$(inherited) @executable_path/Frameworks @loader_path/Frameworks";
				PRODUCT_NAME = "$(TARGET_NAME)";
				TEST_HOST = "$(BUILT_PRODUCTS_DIR)/ASButtons.app/ASButtons";
			};
			name = Debug;
		};
		8038AF8D1AEBC3BD00389913 /* Release */ = {
			isa = XCBuildConfiguration;
			buildSettings = {
				BUNDLE_LOADER = "$(TEST_HOST)";
				FRAMEWORK_SEARCH_PATHS = (
					"$(SDKROOT)/Developer/Library/Frameworks",
					"$(inherited)",
				);
				INFOPLIST_FILE = ASButtonsTests/Info.plist;
				LD_RUNPATH_SEARCH_PATHS = "$(inherited) @executable_path/Frameworks @loader_path/Frameworks";
				PRODUCT_NAME = "$(TARGET_NAME)";
				TEST_HOST = "$(BUILT_PRODUCTS_DIR)/ASButtons.app/ASButtons";
			};
			name = Release;
		};
/* End XCBuildConfiguration section */

/* Begin XCConfigurationList section */
		8038AF641AEBC3BD00389913 /* Build configuration list for PBXProject "ASButtons" */ = {
			isa = XCConfigurationList;
			buildConfigurations = (
				8038AF861AEBC3BD00389913 /* Debug */,
				8038AF871AEBC3BD00389913 /* Release */,
			);
			defaultConfigurationIsVisible = 0;
			defaultConfigurationName = Release;
		};
		8038AF881AEBC3BD00389913 /* Build configuration list for PBXNativeTarget "ASButtons" */ = {
			isa = XCConfigurationList;
			buildConfigurations = (
				8038AF891AEBC3BD00389913 /* Debug */,
				8038AF8A1AEBC3BD00389913 /* Release */,
			);
			defaultConfigurationIsVisible = 0;
			defaultConfigurationName = Release;
		};
		8038AF8B1AEBC3BD00389913 /* Build configuration list for PBXNativeTarget "ASButtonsTests" */ = {
			isa = XCConfigurationList;
			buildConfigurations = (
				8038AF8C1AEBC3BD00389913 /* Debug */,
				8038AF8D1AEBC3BD00389913 /* Release */,
			);
			defaultConfigurationIsVisible = 0;
			defaultConfigurationName = Release;
		};
/* End XCConfigurationList section */

/* Begin XCVersionGroup section */
		8038AF961AEBEBC300389913 /* Models.xcdatamodeld */ = {
			isa = XCVersionGroup;
			children = (
				8038AF971AEBEBC300389913 /* Models.xcdatamodel */,
			);
			currentVersion = 8038AF971AEBEBC300389913 /* Models.xcdatamodel */;
			name = Models.xcdatamodeld;
			path = Models/Models.xcdatamodeld;
			sourceTree = "<group>";
			versionGroupType = wrapper.xcdatamodel;
		};
/* End XCVersionGroup section */
	};
	rootObject = 8038AF611AEBC3BD00389913 /* Project object */;
}
